PODS:
  - connectivity (0.0.1):
    - Flutter
    - Reachability
  - Firebase/CoreOnly (7.3.0):
    - FirebaseCore (= 7.3.0)
  - Firebase/Messaging (7.3.0):
    - Firebase/CoreOnly
    - FirebaseMessaging (~> 7.3.0)
  - firebase_core (1.0.3):
    - Firebase/CoreOnly (= 7.3.0)
    - Flutter
  - firebase_messaging (9.1.1):
    - Firebase/Messaging (= 7.3.0)
    - firebase_core
    - Flutter
  - FirebaseCore (7.3.0):
    - FirebaseCoreDiagnostics (~> 7.0)
    - GoogleUtilities/Environment (~> 7.0)
    - GoogleUtilities/Logger (~> 7.0)
  - FirebaseCoreDiagnostics (7.8.0):
    - GoogleDataTransport (~> 8.0)
    - GoogleUtilities/Environment (~> 7.0)
    - GoogleUtilities/Logger (~> 7.0)
    - nanopb (~> 2.30907.0)
  - FirebaseInstallations (7.8.0):
    - FirebaseCore (~> 7.0)
    - GoogleUtilities/Environment (~> 7.0)
    - GoogleUtilities/UserDefaults (~> 7.0)
    - PromisesObjC (~> 1.2)
  - FirebaseInstanceID (7.8.0):
    - FirebaseCore (~> 7.0)
    - FirebaseInstallations (~> 7.0)
    - GoogleUtilities/Environment (~> 7.0)
    - GoogleUtilities/UserDefaults (~> 7.0)
  - FirebaseMessaging (7.3.0):
    - FirebaseCore (~> 7.0)
    - FirebaseInstanceID (~> 7.0)
    - GoogleUtilities/AppDelegateSwizzler (~> 7.0)
    - GoogleUtilities/Environment (~> 7.0)
    - GoogleUtilities/Reachability (~> 7.0)
    - GoogleUtilities/UserDefaults (~> 7.0)
  - Flutter (1.0.0)
  - flutter_local_notifications (0.0.1):
    - Flutter
  - geolocator (6.2.0):
    - Flutter
  - GoogleDataTransport (8.3.0):
    - GoogleUtilities/Environment (~> 7.2)
    - nanopb (~> 2.30907.0)
    - PromisesObjC (~> 1.2)
  - GoogleUtilities/AppDelegateSwizzler (7.3.1):
    - GoogleUtilities/Environment
    - GoogleUtilities/Logger
    - GoogleUtilities/Network
  - GoogleUtilities/Environment (7.3.1):
    - PromisesObjC (~> 1.2)
  - GoogleUtilities/Logger (7.3.1):
    - GoogleUtilities/Environment
  - GoogleUtilities/Network (7.3.1):
    - GoogleUtilities/Logger
    - "GoogleUtilities/NSData+zlib"
    - GoogleUtilities/Reachability
  - "GoogleUtilities/NSData+zlib (7.3.1)"
  - GoogleUtilities/Reachability (7.3.1):
    - GoogleUtilities/Logger
  - GoogleUtilities/UserDefaults (7.3.1):
    - GoogleUtilities/Logger
  - image_downloader (0.0.1):
    - Flutter
  - in_app_review (0.2.0):
    - Flutter
  - nanopb (2.30907.0):
    - nanopb/decode (= 2.30907.0)
    - nanopb/encode (= 2.30907.0)
  - nanopb/decode (2.30907.0)
  - nanopb/encode (2.30907.0)
  - package_info (0.0.1):
    - Flutter
  - PromisesObjC (1.2.12)
  - Reachability (3.2)
  - shared_preferences (0.0.1):
    - Flutter
  - url_launcher (0.0.1):
    - Flutter

DEPENDENCIES:
  - connectivity (from `.symlinks/plugins/connectivity/ios`)
  - firebase_core (from `.symlinks/plugins/firebase_core/ios`)
  - firebase_messaging (from `.symlinks/plugins/firebase_messaging/ios`)
  - Flutter (from `Flutter`)
  - flutter_local_notifications (from `.symlinks/plugins/flutter_local_notifications/ios`)
  - geolocator (from `.symlinks/plugins/geolocator/ios`)
  - image_downloader (from `.symlinks/plugins/image_downloader/ios`)
  - in_app_review (from `.symlinks/plugins/in_app_review/ios`)
  - package_info (from `.symlinks/plugins/package_info/ios`)
  - shared_preferences (from `.symlinks/plugins/shared_preferences/ios`)
  - url_launcher (from `.symlinks/plugins/url_launcher/ios`)

SPEC REPOS:
  trunk:
    - Firebase
    - FirebaseCore
    - FirebaseCoreDiagnostics
    - FirebaseInstallations
    - FirebaseInstanceID
    - FirebaseMessaging
    - GoogleDataTransport
    - GoogleUtilities
    - nanopb
    - PromisesObjC
    - Reachability

EXTERNAL SOURCES:
  connectivity:
    :path: ".symlinks/plugins/connectivity/ios"
  firebase_core:
    :path: ".symlinks/plugins/firebase_core/ios"
  firebase_messaging:
    :path: ".symlinks/plugins/firebase_messaging/ios"
  Flutter:
    :path: Flutter
  flutter_local_notifications:
    :path: ".symlinks/plugins/flutter_local_notifications/ios"
  geolocator:
    :path: ".symlinks/plugins/geolocator/ios"
  image_downloader:
    :path: ".symlinks/plugins/image_downloader/ios"
  in_app_review:
    :path: ".symlinks/plugins/in_app_review/ios"
  package_info:
    :path: ".symlinks/plugins/package_info/ios"
  shared_preferences:
    :path: ".symlinks/plugins/shared_preferences/ios"
  url_launcher:
    :path: ".symlinks/plugins/url_launcher/ios"

SPEC CHECKSUMS:
  connectivity: c4130b2985d4ef6fd26f9702e886bd5260681467
  Firebase: 26223c695fe322633274198cb19dca8cb7e54416
  firebase_core: b5d81dfd4fb2d6f700e67de34d9a633ae325c4e9
  firebase_messaging: 7547c99f31466371f9cfcb733d5a1bf32a819872
  FirebaseCore: 4d3c72622ce0e2106aaa07bb4b2935ba2c370972
  FirebaseCoreDiagnostics: 066f996579cf097bdad3d7dc9a918d6b9e129c50
  FirebaseInstallations: 7f7ed0e7e27fb51f57291e1876e2ddb1524126c1
  FirebaseInstanceID: aaecc93b4528bbcafea12c477e26827719ca1183
  FirebaseMessaging: 68d1bcb14880189558a8ae57167abe0b7e417232
  Flutter: 434fef37c0980e73bb6479ef766c45957d4b510c
  flutter_local_notifications: 0c0b1ae97e741e1521e4c1629a459d04b9aec743
  geolocator: f5e3de65e241caba7ce3e8a618803387bda73384
  GoogleDataTransport: b006084b73915a42c28a3466961a4edda3065da6
  GoogleUtilities: e1d9ed4e544fc32a93e00e721400cbc3f377200d
  image_downloader: 73e190d6c9f286f2649554051348d9cb319cd4b3
  in_app_review: 4a97249f7a2f539a0f294c2d9196b7fe35e49541
  nanopb: 59221d7f958fb711001e6a449489542d92ae113e
  package_info: 873975fc26034f0b863a300ad47e7f1ac6c7ec62
  PromisesObjC: 3113f7f76903778cf4a0586bd1ab89329a0b7b97
  Reachability: 33e18b67625424e47b6cde6d202dce689ad7af96
  shared_preferences: af6bfa751691cdc24be3045c43ec037377ada40d
  url_launcher: 6fef411d543ceb26efce54b05a0a40bfd74cbbef

PODFILE CHECKSUM: fe0e1ee7f3d1f7d00b11b474b62dd62134535aea

COCOAPODS: 1.10.1
